
Microsoft Visual Studio Solution File, Format Version 12.00
# Visual Studio Version 17
VisualStudioVersion = 17.11.35201.85
MinimumVisualStudioVersion = 10.0.40219.1
Project("{9A19103F-16F7-4668-BE54-9A1E7A4F7556}") = "ProductAPI", "ProductAPI\ProductAPI.csproj", "{1E9BB935-7822-4A34-AA23-75C1106C9F3E}"
EndProject
Project("{9A19103F-16F7-4668-BE54-9A1E7A4F7556}") = "Infrastructure", "Infrastructure\Infrastructure.csproj", "{415D7FAB-F2DF-4B64-9F7B-A93D3C2E45DF}"
EndProject
Project("{9A19103F-16F7-4668-BE54-9A1E7A4F7556}") = "Business", "Business\Business.csproj", "{37874116-B4AC-42BC-AE37-015C0C70AA2A}"
EndProject
Global
	GlobalSection(SolutionConfigurationPlatforms) = preSolution
		Debug|Any CPU = Debug|Any CPU
		Release|Any CPU = Release|Any CPU
	EndGlobalSection
	GlobalSection(ProjectConfigurationPlatforms) = postSolution
		{1E9BB935-7822-4A34-AA23-75C1106C9F3E}.Debug|Any CPU.ActiveCfg = Debug|Any CPU
		{1E9BB935-7822-4A34-AA23-75C1106C9F3E}.Debug|Any CPU.Build.0 = Debug|Any CPU
		{1E9BB935-7822-4A34-AA23-75C1106C9F3E}.Release|Any CPU.ActiveCfg = Release|Any CPU
		{1E9BB935-7822-4A34-AA23-75C1106C9F3E}.Release|Any CPU.Build.0 = Release|Any CPU
		{415D7FAB-F2DF-4B64-9F7B-A93D3C2E45DF}.Debug|Any CPU.ActiveCfg = Debug|Any CPU
		{415D7FAB-F2DF-4B64-9F7B-A93D3C2E45DF}.Debug|Any CPU.Build.0 = Debug|Any CPU
		{415D7FAB-F2DF-4B64-9F7B-A93D3C2E45DF}.Release|Any CPU.ActiveCfg = Release|Any CPU
		{415D7FAB-F2DF-4B64-9F7B-A93D3C2E45DF}.Release|Any CPU.Build.0 = Release|Any CPU
		{37874116-B4AC-42BC-AE37-015C0C70AA2A}.Debug|Any CPU.ActiveCfg = Debug|Any CPU
		{37874116-B4AC-42BC-AE37-015C0C70AA2A}.Debug|Any CPU.Build.0 = Debug|Any CPU
		{37874116-B4AC-42BC-AE37-015C0C70AA2A}.Release|Any CPU.ActiveCfg = Release|Any CPU
		{37874116-B4AC-42BC-AE37-015C0C70AA2A}.Release|Any CPU.Build.0 = Release|Any CPU
	EndGlobalSection
	GlobalSection(SolutionProperties) = preSolution
		HideSolutionNode = FALSE
	EndGlobalSection
	GlobalSection(ExtensibilityGlobals) = postSolution
		SolutionGuid = {A0A9186A-A257-4531-B766-6A9081E9E649}
	EndGlobalSection
EndGlobal
